
Microsoft Visual Studio Solution File, Format Version 12.00
# Visual Studio 15
VisualStudioVersion = 15.0.26730.12
MinimumVisualStudioVersion = 10.0.40219.1
Project("{FAE04EC0-301F-11D3-BF4B-00C04F79EFBC}") = "SuperGameSever", "SuperGameSever\SuperGameSever.csproj", "{A1168EC4-D985-486D-9417-9DFF292D0801}"
EndProject
Global
	GlobalSection(SolutionConfigurationPlatforms) = preSolution
		Debug|Any CPU = Debug|Any CPU
		Release|Any CPU = Release|Any CPU
	EndGlobalSection
	GlobalSection(ProjectConfigurationPlatforms) = postSolution
		{A1168EC4-D985-486D-9417-9DFF292D0801}.Debug|Any CPU.ActiveCfg = Debug|Any CPU
		{A1168EC4-D985-486D-9417-9DFF292D0801}.Debug|Any CPU.Build.0 = Debug|Any CPU
		{A1168EC4-D985-486D-9417-9DFF292D0801}.Release|Any CPU.ActiveCfg = Release|Any CPU
		{A1168EC4-D985-486D-9417-9DFF292D0801}.Release|Any CPU.Build.0 = Release|Any CPU
	EndGlobalSection
	GlobalSection(SolutionProperties) = preSolution
		HideSolutionNode = FALSE
	EndGlobalSection
	GlobalSection(ExtensibilityGlobals) = postSolution
		SolutionGuid = {7136EBB5-AF50-4B9F-B98E-5A04797DC6D8}
	EndGlobalSection
EndGlobal
